// !$*UTF8*$!
{
	archiveVersion = 1;
	classes = {
	};
	objectVersion = 46;
	objects = {

/* Begin PBXBuildFile section */
		B4F7E8FC1A202C8F00A5EB6D /* AppDelegate.swift in Sources */ = {isa = PBXBuildFile; fileRef = B4F7E8FB1A202C8F00A5EB6D /* AppDelegate.swift */; };
		B4F7E8FE1A202C8F00A5EB6D /* ViewController.swift in Sources */ = {isa = PBXBuildFile; fileRef = B4F7E8FD1A202C8F00A5EB6D /* ViewController.swift */; };
		B4F7E9011A202C8F00A5EB6D /* Main.storyboard in Resources */ = {isa = PBXBuildFile; fileRef = B4F7E8FF1A202C8F00A5EB6D /* Main.storyboard */; };
		B4F7E9031A202C8F00A5EB6D /* Images.xcassets in Resources */ = {isa = PBXBuildFile; fileRef = B4F7E9021A202C8F00A5EB6D /* Images.xcassets */; };
		B4F7E9061A202C8F00A5EB6D /* LaunchScreen.xib in Resources */ = {isa = PBXBuildFile; fileRef = B4F7E9041A202C8F00A5EB6D /* LaunchScreen.xib */; };
		B4F7E9121A202C8F00A5EB6D /* GeekBoardSearchEngineTests.swift in Sources */ = {isa = PBXBuildFile; fileRef = B4F7E9111A202C8F00A5EB6D /* GeekBoardSearchEngineTests.swift */; };
/* End PBXBuildFile section */

/* Begin PBXContainerItemProxy section */
		B4F7E90C1A202C8F00A5EB6D /* PBXContainerItemProxy */ = {
			isa = PBXContainerItemProxy;
			containerPortal = B4F7E8EE1A202C8F00A5EB6D /* Project object */;
			proxyType = 1;
			remoteGlobalIDString = B4F7E8F51A202C8F00A5EB6D;
			remoteInfo = GeekBoardSearchEngine;
		};
/* End PBXContainerItemProxy section */

/* Begin PBXFileReference section */
		B4F7E8F61A202C8F00A5EB6D /* GeekBoardSearchEngine.app */ = {isa = PBXFileReference; explicitFileType = wrapper.application; includeInIndex = 0; path = GeekBoardSearchEngine.app; sourceTree = BUILT_PRODUCTS_DIR; };
		B4F7E8FA1A202C8F00A5EB6D /* Info.plist */ = {isa = PBXFileReference; lastKnownFileType = text.plist.xml; path = Info.plist; sourceTree = "<group>"; };
		B4F7E8FB1A202C8F00A5EB6D /* AppDelegate.swift */ = {isa = PBXFileReference; lastKnownFileType = sourcecode.swift; path = AppDelegate.swift; sourceTree = "<group>"; };
		B4F7E8FD1A202C8F00A5EB6D /* ViewController.swift */ = {isa = PBXFileReference; lastKnownFileType = sourcecode.swift; path = ViewController.swift; sourceTree = "<group>"; };
		B4F7E9001A202C8F00A5EB6D /* Base */ = {isa = PBXFileReference; lastKnownFileType = file.storyboard; name = Base; path = Base.lproj/Main.storyboard; sourceTree = "<group>"; };
		B4F7E9021A202C8F00A5EB6D /* Images.xcassets */ = {isa = PBXFileReference; lastKnownFileType = folder.assetcatalog; path = Images.xcassets; sourceTree = "<group>"; };
		B4F7E9051A202C8F00A5EB6D /* Base */ = {isa = PBXFileReference; lastKnownFileType = file.xib; name = Base; path = Base.lproj/LaunchScreen.xib; sourceTree = "<group>"; };
		B4F7E90B1A202C8F00A5EB6D /* GeekBoardSearchEngineTests.xctest */ = {isa = PBXFileReference; explicitFileType = wrapper.cfbundle; includeInIndex = 0; path = GeekBoardSearchEngineTests.xctest; sourceTree = BUILT_PRODUCTS_DIR; };
		B4F7E9101A202C8F00A5EB6D /* Info.plist */ = {isa = PBXFileReference; lastKnownFileType = text.plist.xml; path = Info.plist; sourceTree = "<group>"; };
		B4F7E9111A202C8F00A5EB6D /* GeekBoardSearchEngineTests.swift */ = {isa = PBXFileReference; lastKnownFileType = sourcecode.swift; path = GeekBoardSearchEngineTests.swift; sourceTree = "<group>"; };
/* End PBXFileReference section */

/* Begin PBXFrameworksBuildPhase section */
		B4F7E8F31A202C8F00A5EB6D /* Frameworks */ = {
			isa = PBXFrameworksBuildPhase;
			buildActionMask = 2147483647;
			files = (
			);
			runOnlyForDeploymentPostprocessing = 0;
		};
		B4F7E9081A202C8F00A5EB6D /* Frameworks */ = {
			isa = PBXFrameworksBuildPhase;
			buildActionMask = 2147483647;
			files = (
			);
			runOnlyForDeploymentPostprocessing = 0;
		};
/* End PBXFrameworksBuildPhase section */

/* Begin PBXGroup section */
		B4F7E8ED1A202C8F00A5EB6D = {
			isa = PBXGroup;
			children = (
				B4F7E8F81A202C8F00A5EB6D /* GeekBoardSearchEngine */,
				B4F7E90E1A202C8F00A5EB6D /* GeekBoardSearchEngineTests */,
				B4F7E8F71A202C8F00A5EB6D /* Products */,
			);
			sourceTree = "<group>";
		};
		B4F7E8F71A202C8F00A5EB6D /* Products */ = {
			isa = PBXGroup;
			children = (
				B4F7E8F61A202C8F00A5EB6D /* GeekBoardSearchEngine.app */,
				B4F7E90B1A202C8F00A5EB6D /* GeekBoardSearchEngineTests.xctest */,
			);
			name = Products;
			sourceTree = "<group>";
		};
		B4F7E8F81A202C8F00A5EB6D /* GeekBoardSearchEngine */ = {
			isa = PBXGroup;
			children = (
				B4F7E8FB1A202C8F00A5EB6D /* AppDelegate.swift */,
				B4F7E8FD1A202C8F00A5EB6D /* ViewController.swift */,
				B4F7E8FF1A202C8F00A5EB6D /* Main.storyboard */,
				B4F7E9021A202C8F00A5EB6D /* Images.xcassets */,
				B4F7E9041A202C8F00A5EB6D /* LaunchScreen.xib */,
				B4F7E8F91A202C8F00A5EB6D /* Supporting Files */,
			);
			path = GeekBoardSearchEngine;
			sourceTree = "<group>";
		};
		B4F7E8F91A202C8F00A5EB6D /* Supporting Files */ = {
			isa = PBXGroup;
			children = (
				B4F7E8FA1A202C8F00A5EB6D /* Info.plist */,
			);
			name = "Supporting Files";
			sourceTree = "<group>";
		};
		B4F7E90E1A202C8F00A5EB6D /* GeekBoardSearchEngineTests */ = {
			isa = PBXGroup;
			children = (
				B4F7E9111A202C8F00A5EB6D /* GeekBoardSearchEngineTests.swift */,
				B4F7E90F1A202C8F00A5EB6D /* Supporting Files */,
			);
			path = GeekBoardSearchEngineTests;
			sourceTree = "<group>";
		};
		B4F7E90F1A202C8F00A5EB6D /* Supporting Files */ = {
			isa = PBXGroup;
			children = (
				B4F7E9101A202C8F00A5EB6D /* Info.plist */,
			);
			name = "Supporting Files";
			sourceTree = "<group>";
		};
/* End PBXGroup section */

/* Begin PBXNativeTarget section */
		B4F7E8F51A202C8F00A5EB6D /* GeekBoardSearchEngine */ = {
			isa = PBXNativeTarget;
			buildConfigurationList = B4F7E9151A202C8F00A5EB6D /* Build configuration list for PBXNativeTarget "GeekBoardSearchEngine" */;
			buildPhases = (
				B4F7E8F21A202C8F00A5EB6D /* Sources */,
				B4F7E8F31A202C8F00A5EB6D /* Frameworks */,
				B4F7E8F41A202C8F00A5EB6D /* Resources */,
			);
			buildRules = (
			);
			dependencies = (
			);
			name = GeekBoardSearchEngine;
			productName = GeekBoardSearchEngine;
			productReference = B4F7E8F61A202C8F00A5EB6D /* GeekBoardSearchEngine.app */;
			productType = "com.apple.product-type.application";
		};
		B4F7E90A1A202C8F00A5EB6D /* GeekBoardSearchEngineTests */ = {
			isa = PBXNativeTarget;
			buildConfigurationList = B4F7E9181A202C8F00A5EB6D /* Build configuration list for PBXNativeTarget "GeekBoardSearchEngineTests" */;
			buildPhases = (
				B4F7E9071A202C8F00A5EB6D /* Sources */,
				B4F7E9081A202C8F00A5EB6D /* Frameworks */,
				B4F7E9091A202C8F00A5EB6D /* Resources */,
			);
			buildRules = (
			);
			dependencies = (
				B4F7E90D1A202C8F00A5EB6D /* PBXTargetDependency */,
			);
			name = GeekBoardSearchEngineTests;
			productName = GeekBoardSearchEngineTests;
			productReference = B4F7E90B1A202C8F00A5EB6D /* GeekBoardSearchEngineTests.xctest */;
			productType = "com.apple.product-type.bundle.unit-test";
		};
/* End PBXNativeTarget section */

/* Begin PBXProject section */
		B4F7E8EE1A202C8F00A5EB6D /* Project object */ = {
			isa = PBXProject;
			attributes = {
				LastUpgradeCheck = 0610;
				ORGANIZATIONNAME = "Juan Kou";
				TargetAttributes = {
					B4F7E8F51A202C8F00A5EB6D = {
						CreatedOnToolsVersion = 6.1;
					};
					B4F7E90A1A202C8F00A5EB6D = {
						CreatedOnToolsVersion = 6.1;
						TestTargetID = B4F7E8F51A202C8F00A5EB6D;
					};
				};
			};
			buildConfigurationList = B4F7E8F11A202C8F00A5EB6D /* Build configuration list for PBXProject "GeekBoardSearchEngine" */;
			compatibilityVersion = "Xcode 3.2";
			developmentRegion = English;
			hasScannedForEncodings = 0;
			knownRegions = (
				en,
				Base,
			);
			mainGroup = B4F7E8ED1A202C8F00A5EB6D;
			productRefGroup = B4F7E8F71A202C8F00A5EB6D /* Products */;
			projectDirPath = "";
			projectRoot = "";
			targets = (
				B4F7E8F51A202C8F00A5EB6D /* GeekBoardSearchEngine */,
				B4F7E90A1A202C8F00A5EB6D /* GeekBoardSearchEngineTests */,
			);
		};
/* End PBXProject section */

/* Begin PBXResourcesBuildPhase section */
		B4F7E8F41A202C8F00A5EB6D /* Resources */ = {
			isa = PBXResourcesBuildPhase;
			buildActionMask = 2147483647;
			files = (
				B4F7E9011A202C8F00A5EB6D /* Main.storyboard in Resources */,
				B4F7E9061A202C8F00A5EB6D /* LaunchScreen.xib in Resources */,
				B4F7E9031A202C8F00A5EB6D /* Images.xcassets in Resources */,
			);
			runOnlyForDeploymentPostprocessing = 0;
		};
		B4F7E9091A202C8F00A5EB6D /* Resources */ = {
			isa = PBXResourcesBuildPhase;
			buildActionMask = 2147483647;
			files = (
			);
			runOnlyForDeploymentPostprocessing = 0;
		};
/* End PBXResourcesBuildPhase section */

/* Begin PBXSourcesBuildPhase section */
		B4F7E8F21A202C8F00A5EB6D /* Sources */ = {
			isa = PBXSourcesBuildPhase;
			buildActionMask = 2147483647;
			files = (
				B4F7E8FE1A202C8F00A5EB6D /* ViewController.swift in Sources */,
				B4F7E8FC1A202C8F00A5EB6D /* AppDelegate.swift in Sources */,
			);
			runOnlyForDeploymentPostprocessing = 0;
		};
		B4F7E9071A202C8F00A5EB6D /* Sources */ = {
			isa = PBXSourcesBuildPhase;
			buildActionMask = 2147483647;
			files = (
				B4F7E9121A202C8F00A5EB6D /* GeekBoardSearchEngineTests.swift in Sources */,
			);
			runOnlyForDeploymentPostprocessing = 0;
		};
/* End PBXSourcesBuildPhase section */

/* Begin PBXTargetDependency section */
		B4F7E90D1A202C8F00A5EB6D /* PBXTargetDependency */ = {
			isa = PBXTargetDependency;
			target = B4F7E8F51A202C8F00A5EB6D /* GeekBoardSearchEngine */;
			targetProxy = B4F7E90C1A202C8F00A5EB6D /* PBXContainerItemProxy */;
		};
/* End PBXTargetDependency section */

/* Begin PBXVariantGroup section */
		B4F7E8FF1A202C8F00A5EB6D /* Main.storyboard */ = {
			isa = PBXVariantGroup;
			children = (
				B4F7E9001A202C8F00A5EB6D /* Base */,
			);
			name = Main.storyboard;
			sourceTree = "<group>";
		};
		B4F7E9041A202C8F00A5EB6D /* LaunchScreen.xib */ = {
			isa = PBXVariantGroup;
			children = (
				B4F7E9051A202C8F00A5EB6D /* Base */,
			);
			name = LaunchScreen.xib;
			sourceTree = "<group>";
		};
/* End PBXVariantGroup section */

/* Begin XCBuildConfiguration section */
		B4F7E9131A202C8F00A5EB6D /* Debug */ = {
			isa = XCBuildConfiguration;
			buildSettings = {
				ALWAYS_SEARCH_USER_PATHS = NO;
				CLANG_CXX_LANGUAGE_STANDARD = "gnu++0x";
				CLANG_CXX_LIBRARY = "libc++";
				CLANG_ENABLE_MODULES = YES;
				CLANG_ENABLE_OBJC_ARC = YES;
				CLANG_WARN_BOOL_CONVERSION = YES;
				CLANG_WARN_CONSTANT_CONVERSION = YES;
				CLANG_WARN_DIRECT_OBJC_ISA_USAGE = YES_ERROR;
				CLANG_WARN_EMPTY_BODY = YES;
				CLANG_WARN_ENUM_CONVERSION = YES;
				CLANG_WARN_INT_CONVERSION = YES;
				CLANG_WARN_OBJC_ROOT_CLASS = YES_ERROR;
				CLANG_WARN_UNREACHABLE_CODE = YES;
				CLANG_WARN__DUPLICATE_METHOD_MATCH = YES;
				"CODE_SIGN_IDENTITY[sdk=iphoneos*]" = "iPhone Developer";
				COPY_PHASE_STRIP = NO;
				ENABLE_STRICT_OBJC_MSGSEND = YES;
				GCC_C_LANGUAGE_STANDARD = gnu99;
				GCC_DYNAMIC_NO_PIC = NO;
				GCC_OPTIMIZATION_LEVEL = 0;
				GCC_PREPROCESSOR_DEFINITIONS = (
					"DEBUG=1",
					"$(inherited)",
				);
				GCC_SYMBOLS_PRIVATE_EXTERN = NO;
				GCC_WARN_64_TO_32_BIT_CONVERSION = YES;
				GCC_WARN_ABOUT_RETURN_TYPE = YES_ERROR;
				GCC_WARN_UNDECLARED_SELECTOR = YES;
				GCC_WARN_UNINITIALIZED_AUTOS = YES_AGGRESSIVE;
				GCC_WARN_UNUSED_FUNCTION = YES;
				GCC_WARN_UNUSED_VARIABLE = YES;
				IPHONEOS_DEPLOYMENT_TARGET = 8.1;
				MTL_ENABLE_DEBUG_INFO = YES;
				ONLY_ACTIVE_ARCH = YES;
				SDKROOT = iphoneos;
				SWIFT_OPTIMIZATION_LEVEL = "-Onone";
			};
			name = Debug;
		};
		B4F7E9141A202C8F00A5EB6D /* Release */ = {
			isa = XCBuildConfiguration;
			buildSettings = {
				ALWAYS_SEARCH_USER_PATHS = NO;
				CLANG_CXX_LANGUAGE_STANDARD = "gnu++0x";
				CLANG_CXX_LIBRARY = "libc++";
				CLANG_ENABLE_MODULES = YES;
				CLANG_ENABLE_OBJC_ARC = YES;
				CLANG_WARN_BOOL_CONVERSION = YES;
				CLANG_WARN_CONSTANT_CONVERSION = YES;
				CLANG_WARN_DIRECT_OBJC_ISA_USAGE = YES_ERROR;
				CLANG_WARN_EMPTY_BODY = YES;
				CLANG_WARN_ENUM_CONVERSION = YES;
				CLANG_WARN_INT_CONVERSION = YES;
				CLANG_WARN_OBJC_ROOT_CLASS = YES_ERROR;
				CLANG_WARN_UNREACHABLE_CODE = YES;
				CLANG_WARN__DUPLICATE_METHOD_MATCH = YES;
				"CODE_SIGN_IDENTITY[sdk=iphoneos*]" = "iPhone Developer";
				COPY_PHASE_STRIP = YES;
				ENABLE_NS_ASSERTIONS = NO;
				ENABLE_STRICT_OBJC_MSGSEND = YES;
				GCC_C_LANGUAGE_STANDARD = gnu99;
				GCC_WARN_64_TO_32_BIT_CONVERSION = YES;
				GCC_WARN_ABOUT_RETURN_TYPE = YES_ERROR;
				GCC_WARN_UNDECLARED_SELECTOR = YES;
				GCC_WARN_UNINITIALIZED_AUTOS = YES_AGGRESSIVE;
				GCC_WARN_UNUSED_FUNCTION = YES;
				GCC_WARN_UNUSED_VARIABLE = YES;
				IPHONEOS_DEPLOYMENT_TARGET = 8.1;
				MTL_ENABLE_DEBUG_INFO = NO;
				SDKROOT = iphoneos;
				VALIDATE_PRODUCT = YES;
			};
			name = Release;
		};
		B4F7E9161A202C8F00A5EB6D /* Debug */ = {
			isa = XCBuildConfiguration;
			buildSettings = {
				ASSETCATALOG_COMPILER_APPICON_NAME = AppIcon;
				INFOPLIST_FILE = GeekBoardSearchEngine/Info.plist;
				LD_RUNPATH_SEARCH_PATHS = "$(inherited) @executable_path/Frameworks";
				PRODUCT_NAME = "$(TARGET_NAME)";
			};
			name = Debug;
		};
		B4F7E9171A202C8F00A5EB6D /* Release */ = {
			isa = XCBuildConfiguration;
			buildSettings = {
				ASSETCATALOG_COMPILER_APPICON_NAME = AppIcon;
				INFOPLIST_FILE = GeekBoardSearchEngine/Info.plist;
				LD_RUNPATH_SEARCH_PATHS = "$(inherited) @executable_path/Frameworks";
				PRODUCT_NAME = "$(TARGET_NAME)";
			};
			name = Release;
		};
		B4F7E9191A202C8F00A5EB6D /* Debug */ = {
			isa = XCBuildConfiguration;
			buildSettings = {
				BUNDLE_LOADER = "$(TEST_HOST)";
				FRAMEWORK_SEARCH_PATHS = (
					"$(SDKROOT)/Developer/Library/Frameworks",
					"$(inherited)",
				);
				GCC_PREPROCESSOR_DEFINITIONS = (
					"DEBUG=1",
					"$(inherited)",
				);
				INFOPLIST_FILE = GeekBoardSearchEngineTests/Info.plist;
				LD_RUNPATH_SEARCH_PATHS = "$(inherited) @executable_path/Frameworks @loader_path/Frameworks";
				PRODUCT_NAME = "$(TARGET_NAME)";
				TEST_HOST = "$(BUILT_PRODUCTS_DIR)/GeekBoardSearchEngine.app/GeekBoardSearchEngine";
			};
			name = Debug;
		};
		B4F7E91A1A202C8F00A5EB6D /* Release */ = {
			isa = XCBuildConfiguration;
			buildSettings = {
				BUNDLE_LOADER = "$(TEST_HOST)";
				FRAMEWORK_SEARCH_PATHS = (
					"$(SDKROOT)/Developer/Library/Frameworks",
					"$(inherited)",
				);
				INFOPLIST_FILE = GeekBoardSearchEngineTests/Info.plist;
				LD_RUNPATH_SEARCH_PATHS = "$(inherited) @executable_path/Frameworks @loader_path/Frameworks";
				PRODUCT_NAME = "$(TARGET_NAME)";
				TEST_HOST = "$(BUILT_PRODUCTS_DIR)/GeekBoardSearchEngine.app/GeekBoardSearchEngine";
			};
			name = Release;
		};
/* End XCBuildConfiguration section */

/* Begin XCConfigurationList section */
		B4F7E8F11A202C8F00A5EB6D /* Build configuration list for PBXProject "GeekBoardSearchEngine" */ = {
			isa = XCConfigurationList;
			buildConfigurations = (
				B4F7E9131A202C8F00A5EB6D /* Debug */,
				B4F7E9141A202C8F00A5EB6D /* Release */,
			);
			defaultConfigurationIsVisible = 0;
			defaultConfigurationName = Release;
		};
		B4F7E9151A202C8F00A5EB6D /* Build configuration list for PBXNativeTarget "GeekBoardSearchEngine" */ = {
			isa = XCConfigurationList;
			buildConfigurations = (
				B4F7E9161A202C8F00A5EB6D /* Debug */,
				B4F7E9171A202C8F00A5EB6D /* Release */,
			);
			defaultConfigurationIsVisible = 0;
		};
		B4F7E9181A202C8F00A5EB6D /* Build configuration list for PBXNativeTarget "GeekBoardSearchEngineTests" */ = {
			isa = XCConfigurationList;
			buildConfigurations = (
				B4F7E9191A202C8F00A5EB6D /* Debug */,
				B4F7E91A1A202C8F00A5EB6D /* Release */,
			);
			defaultConfigurationIsVisible = 0;
		};
/* End XCConfigurationList section */
	};
	rootObject = B4F7E8EE1A202C8F00A5EB6D /* Project object */;
}
